
Microsoft Visual Studio Solution File, Format Version 12.00
# Visual Studio Version 17
VisualStudioVersion = 17.1.32421.90
MinimumVisualStudioVersion = 10.0.40219.1
Project("{FAE04EC0-301F-11D3-BF4B-00C04F79EFBC}") = "MultiFolderClientV3", "MultiFolderClientV3\MultiFolderClientV3.csproj", "{8ECAA25D-FB52-43D8-8E8C-6429EF8FE7CE}"
EndProject
Project("{FAE04EC0-301F-11D3-BF4B-00C04F79EFBC}") = "MultiFolderClientV3Tests", "MultiFolderClientV3Tests\MultiFolderClientV3Tests.csproj", "{7D61B5DE-24BF-4DFA-BCB0-67F79CF6664B}"
EndProject
Project("{54435603-DBB4-11D2-8724-00A0C9A8B90C}") = "Setup", "Setup\Setup.vdproj", "{E7366786-0AB0-4613-995B-8E7D5AA4BBD1}"
EndProject
Global
	GlobalSection(SolutionConfigurationPlatforms) = preSolution
		Debug|Any CPU = Debug|Any CPU
		Release|Any CPU = Release|Any CPU
	EndGlobalSection
	GlobalSection(ProjectConfigurationPlatforms) = postSolution
		{8ECAA25D-FB52-43D8-8E8C-6429EF8FE7CE}.Debug|Any CPU.ActiveCfg = Debug|Any CPU
		{8ECAA25D-FB52-43D8-8E8C-6429EF8FE7CE}.Debug|Any CPU.Build.0 = Debug|Any CPU
		{8ECAA25D-FB52-43D8-8E8C-6429EF8FE7CE}.Release|Any CPU.ActiveCfg = Release|Any CPU
		{8ECAA25D-FB52-43D8-8E8C-6429EF8FE7CE}.Release|Any CPU.Build.0 = Release|Any CPU
		{7D61B5DE-24BF-4DFA-BCB0-67F79CF6664B}.Debug|Any CPU.ActiveCfg = Debug|Any CPU
		{7D61B5DE-24BF-4DFA-BCB0-67F79CF6664B}.Debug|Any CPU.Build.0 = Debug|Any CPU
		{7D61B5DE-24BF-4DFA-BCB0-67F79CF6664B}.Release|Any CPU.ActiveCfg = Release|Any CPU
		{7D61B5DE-24BF-4DFA-BCB0-67F79CF6664B}.Release|Any CPU.Build.0 = Release|Any CPU
		{E7366786-0AB0-4613-995B-8E7D5AA4BBD1}.Debug|Any CPU.ActiveCfg = Debug
		{E7366786-0AB0-4613-995B-8E7D5AA4BBD1}.Release|Any CPU.ActiveCfg = Release
	EndGlobalSection
	GlobalSection(SolutionProperties) = preSolution
		HideSolutionNode = FALSE
	EndGlobalSection
	GlobalSection(ExtensibilityGlobals) = postSolution
		SolutionGuid = {37A269CA-5F3C-439D-90F4-C71620A3BA5F}
	EndGlobalSection
EndGlobal
